// !$*UTF8*$!
{
	archiveVersion = 1;
	classes = {
	};
	objectVersion = 50;
	objects = {

/* Begin PBXBuildFile section */
		AD144A4723249FF000F045B9 /* AppDelegate.m in Sources */ = {isa = PBXBuildFile; fileRef = AD144A4623249FF000F045B9 /* AppDelegate.m */; };
		AD144A4A23249FF000F045B9 /* ViewController.m in Sources */ = {isa = PBXBuildFile; fileRef = AD144A4923249FF000F045B9 /* ViewController.m */; };
		AD144A4D23249FF000F045B9 /* Main.storyboard in Resources */ = {isa = PBXBuildFile; fileRef = AD144A4B23249FF000F045B9 /* Main.storyboard */; };
		AD144A4F23249FF100F045B9 /* Assets.xcassets in Resources */ = {isa = PBXBuildFile; fileRef = AD144A4E23249FF100F045B9 /* Assets.xcassets */; };
		AD144A5223249FF100F045B9 /* LaunchScreen.storyboard in Resources */ = {isa = PBXBuildFile; fileRef = AD144A5023249FF100F045B9 /* LaunchScreen.storyboard */; };
		AD144A5523249FF100F045B9 /* main.m in Sources */ = {isa = PBXBuildFile; fileRef = AD144A5423249FF100F045B9 /* main.m */; };
		AD144A602324A07F00F045B9 /* ShadowView.m in Sources */ = {isa = PBXBuildFile; fileRef = AD144A5C2324A07E00F045B9 /* ShadowView.m */; };
		AD144A612324A07F00F045B9 /* FSMushroomStreetGuideView.m in Sources */ = {isa = PBXBuildFile; fileRef = AD144A5F2324A07E00F045B9 /* FSMushroomStreetGuideView.m */; };
		AD144A642324A09600F045B9 /* UIView+XQ.m in Sources */ = {isa = PBXBuildFile; fileRef = AD144A632324A09600F045B9 /* UIView+XQ.m */; };
/* End PBXBuildFile section */

/* Begin PBXFileReference section */
		AD144A4223249FF000F045B9 /* FSMushroomGuideAnimation.app */ = {isa = PBXFileReference; explicitFileType = wrapper.application; includeInIndex = 0; path = FSMushroomGuideAnimation.app; sourceTree = BUILT_PRODUCTS_DIR; };
		AD144A4523249FF000F045B9 /* AppDelegate.h */ = {isa = PBXFileReference; lastKnownFileType = sourcecode.c.h; path = AppDelegate.h; sourceTree = "<group>"; };
		AD144A4623249FF000F045B9 /* AppDelegate.m */ = {isa = PBXFileReference; lastKnownFileType = sourcecode.c.objc; path = AppDelegate.m; sourceTree = "<group>"; };
		AD144A4823249FF000F045B9 /* ViewController.h */ = {isa = PBXFileReference; lastKnownFileType = sourcecode.c.h; path = ViewController.h; sourceTree = "<group>"; };
		AD144A4923249FF000F045B9 /* ViewController.m */ = {isa = PBXFileReference; lastKnownFileType = sourcecode.c.objc; path = ViewController.m; sourceTree = "<group>"; };
		AD144A4C23249FF000F045B9 /* Base */ = {isa = PBXFileReference; lastKnownFileType = file.storyboard; name = Base; path = Base.lproj/Main.storyboard; sourceTree = "<group>"; };
		AD144A4E23249FF100F045B9 /* Assets.xcassets */ = {isa = PBXFileReference; lastKnownFileType = folder.assetcatalog; path = Assets.xcassets; sourceTree = "<group>"; };
		AD144A5123249FF100F045B9 /* Base */ = {isa = PBXFileReference; lastKnownFileType = file.storyboard; name = Base; path = Base.lproj/LaunchScreen.storyboard; sourceTree = "<group>"; };
		AD144A5323249FF100F045B9 /* Info.plist */ = {isa = PBXFileReference; lastKnownFileType = text.plist.xml; path = Info.plist; sourceTree = "<group>"; };
		AD144A5423249FF100F045B9 /* main.m */ = {isa = PBXFileReference; lastKnownFileType = sourcecode.c.objc; path = main.m; sourceTree = "<group>"; };
		AD144A5C2324A07E00F045B9 /* ShadowView.m */ = {isa = PBXFileReference; fileEncoding = 4; lastKnownFileType = sourcecode.c.objc; path = ShadowView.m; sourceTree = "<group>"; };
		AD144A5D2324A07E00F045B9 /* FSMushroomStreetGuideView.h */ = {isa = PBXFileReference; fileEncoding = 4; lastKnownFileType = sourcecode.c.h; path = FSMushroomStreetGuideView.h; sourceTree = "<group>"; };
		AD144A5E2324A07E00F045B9 /* ShadowView.h */ = {isa = PBXFileReference; fileEncoding = 4; lastKnownFileType = sourcecode.c.h; path = ShadowView.h; sourceTree = "<group>"; };
		AD144A5F2324A07E00F045B9 /* FSMushroomStreetGuideView.m */ = {isa = PBXFileReference; fileEncoding = 4; lastKnownFileType = sourcecode.c.objc; path = FSMushroomStreetGuideView.m; sourceTree = "<group>"; };
		AD144A622324A09600F045B9 /* UIView+XQ.h */ = {isa = PBXFileReference; fileEncoding = 4; lastKnownFileType = sourcecode.c.h; path = "UIView+XQ.h"; sourceTree = "<group>"; };
		AD144A632324A09600F045B9 /* UIView+XQ.m */ = {isa = PBXFileReference; fileEncoding = 4; lastKnownFileType = sourcecode.c.objc; path = "UIView+XQ.m"; sourceTree = "<group>"; };
/* End PBXFileReference section */

/* Begin PBXFrameworksBuildPhase section */
		AD144A3F23249FF000F045B9 /* Frameworks */ = {
			isa = PBXFrameworksBuildPhase;
			buildActionMask = 2147483647;
			files = (
			);
			runOnlyForDeploymentPostprocessing = 0;
		};
/* End PBXFrameworksBuildPhase section */

/* Begin PBXGroup section */
		AD144A3923249FF000F045B9 = {
			isa = PBXGroup;
			children = (
				AD144A4423249FF000F045B9 /* FSMushroomGuideAnimation */,
				AD144A4323249FF000F045B9 /* Products */,
			);
			sourceTree = "<group>";
		};
		AD144A4323249FF000F045B9 /* Products */ = {
			isa = PBXGroup;
			children = (
				AD144A4223249FF000F045B9 /* FSMushroomGuideAnimation.app */,
			);
			name = Products;
			sourceTree = "<group>";
		};
		AD144A4423249FF000F045B9 /* FSMushroomGuideAnimation */ = {
			isa = PBXGroup;
			children = (
				AD144A5B2324A07E00F045B9 /* FSMushroomGuidePage【蘑菇街引导页】 */,
				AD144A4523249FF000F045B9 /* AppDelegate.h */,
				AD144A4623249FF000F045B9 /* AppDelegate.m */,
				AD144A4823249FF000F045B9 /* ViewController.h */,
				AD144A4923249FF000F045B9 /* ViewController.m */,
				AD144A4B23249FF000F045B9 /* Main.storyboard */,
				AD144A4E23249FF100F045B9 /* Assets.xcassets */,
				AD144A5023249FF100F045B9 /* LaunchScreen.storyboard */,
				AD144A5323249FF100F045B9 /* Info.plist */,
				AD144A5423249FF100F045B9 /* main.m */,
			);
			path = FSMushroomGuideAnimation;
			sourceTree = "<group>";
		};
		AD144A5B2324A07E00F045B9 /* FSMushroomGuidePage【蘑菇街引导页】 */ = {
			isa = PBXGroup;
			children = (
				AD144A622324A09600F045B9 /* UIView+XQ.h */,
				AD144A632324A09600F045B9 /* UIView+XQ.m */,
				AD144A5E2324A07E00F045B9 /* ShadowView.h */,
				AD144A5C2324A07E00F045B9 /* ShadowView.m */,
				AD144A5D2324A07E00F045B9 /* FSMushroomStreetGuideView.h */,
				AD144A5F2324A07E00F045B9 /* FSMushroomStreetGuideView.m */,
			);
			path = "FSMushroomGuidePage【蘑菇街引导页】";
			sourceTree = "<group>";
		};
/* End PBXGroup section */

/* Begin PBXNativeTarget section */
		AD144A4123249FF000F045B9 /* FSMushroomGuideAnimation */ = {
			isa = PBXNativeTarget;
			buildConfigurationList = AD144A5823249FF100F045B9 /* Build configuration list for PBXNativeTarget "FSMushroomGuideAnimation" */;
			buildPhases = (
				AD144A3E23249FF000F045B9 /* Sources */,
				AD144A3F23249FF000F045B9 /* Frameworks */,
				AD144A4023249FF000F045B9 /* Resources */,
			);
			buildRules = (
			);
			dependencies = (
			);
			name = FSMushroomGuideAnimation;
			productName = FSMushroomGuideAnimation;
			productReference = AD144A4223249FF000F045B9 /* FSMushroomGuideAnimation.app */;
			productType = "com.apple.product-type.application";
		};
/* End PBXNativeTarget section */

/* Begin PBXProject section */
		AD144A3A23249FF000F045B9 /* Project object */ = {
			isa = PBXProject;
			attributes = {
				LastUpgradeCheck = 1030;
				ORGANIZATIONNAME = wzf;
				TargetAttributes = {
					AD144A4123249FF000F045B9 = {
						CreatedOnToolsVersion = 10.3;
					};
				};
			};
			buildConfigurationList = AD144A3D23249FF000F045B9 /* Build configuration list for PBXProject "FSMushroomGuideAnimation" */;
			compatibilityVersion = "Xcode 9.3";
			developmentRegion = en;
			hasScannedForEncodings = 0;
			knownRegions = (
				en,
				Base,
			);
			mainGroup = AD144A3923249FF000F045B9;
			productRefGroup = AD144A4323249FF000F045B9 /* Products */;
			projectDirPath = "";
			projectRoot = "";
			targets = (
				AD144A4123249FF000F045B9 /* FSMushroomGuideAnimation */,
			);
		};
/* End PBXProject section */

/* Begin PBXResourcesBuildPhase section */
		AD144A4023249FF000F045B9 /* Resources */ = {
			isa = PBXResourcesBuildPhase;
			buildActionMask = 2147483647;
			files = (
				AD144A5223249FF100F045B9 /* LaunchScreen.storyboard in Resources */,
				AD144A4F23249FF100F045B9 /* Assets.xcassets in Resources */,
				AD144A4D23249FF000F045B9 /* Main.storyboard in Resources */,
			);
			runOnlyForDeploymentPostprocessing = 0;
		};
/* End PBXResourcesBuildPhase section */

/* Begin PBXSourcesBuildPhase section */
		AD144A3E23249FF000F045B9 /* Sources */ = {
			isa = PBXSourcesBuildPhase;
			buildActionMask = 2147483647;
			files = (
				AD144A602324A07F00F045B9 /* ShadowView.m in Sources */,
				AD144A642324A09600F045B9 /* UIView+XQ.m in Sources */,
				AD144A4A23249FF000F045B9 /* ViewController.m in Sources */,
				AD144A5523249FF100F045B9 /* main.m in Sources */,
				AD144A612324A07F00F045B9 /* FSMushroomStreetGuideView.m in Sources */,
				AD144A4723249FF000F045B9 /* AppDelegate.m in Sources */,
			);
			runOnlyForDeploymentPostprocessing = 0;
		};
/* End PBXSourcesBuildPhase section */

/* Begin PBXVariantGroup section */
		AD144A4B23249FF000F045B9 /* Main.storyboard */ = {
			isa = PBXVariantGroup;
			children = (
				AD144A4C23249FF000F045B9 /* Base */,
			);
			name = Main.storyboard;
			sourceTree = "<group>";
		};
		AD144A5023249FF100F045B9 /* LaunchScreen.storyboard */ = {
			isa = PBXVariantGroup;
			children = (
				AD144A5123249FF100F045B9 /* Base */,
			);
			name = LaunchScreen.storyboard;
			sourceTree = "<group>";
		};
/* End PBXVariantGroup section */

/* Begin XCBuildConfiguration section */
		AD144A5623249FF100F045B9 /* Debug */ = {
			isa = XCBuildConfiguration;
			buildSettings = {
				ALWAYS_SEARCH_USER_PATHS = NO;
				CLANG_ANALYZER_NONNULL = YES;
				CLANG_ANALYZER_NUMBER_OBJECT_CONVERSION = YES_AGGRESSIVE;
				CLANG_CXX_LANGUAGE_STANDARD = "gnu++14";
				CLANG_CXX_LIBRARY = "libc++";
				CLANG_ENABLE_MODULES = YES;
				CLANG_ENABLE_OBJC_ARC = YES;
				CLANG_ENABLE_OBJC_WEAK = YES;
				CLANG_WARN_BLOCK_CAPTURE_AUTORELEASING = YES;
				CLANG_WARN_BOOL_CONVERSION = YES;
				CLANG_WARN_COMMA = YES;
				CLANG_WARN_CONSTANT_CONVERSION = YES;
				CLANG_WARN_DEPRECATED_OBJC_IMPLEMENTATIONS = YES;
				CLANG_WARN_DIRECT_OBJC_ISA_USAGE = YES_ERROR;
				CLANG_WARN_DOCUMENTATION_COMMENTS = YES;
				CLANG_WARN_EMPTY_BODY = YES;
				CLANG_WARN_ENUM_CONVERSION = YES;
				CLANG_WARN_INFINITE_RECURSION = YES;
				CLANG_WARN_INT_CONVERSION = YES;
				CLANG_WARN_NON_LITERAL_NULL_CONVERSION = YES;
				CLANG_WARN_OBJC_IMPLICIT_RETAIN_SELF = YES;
				CLANG_WARN_OBJC_LITERAL_CONVERSION = YES;
				CLANG_WARN_OBJC_ROOT_CLASS = YES_ERROR;
				CLANG_WARN_RANGE_LOOP_ANALYSIS = YES;
				CLANG_WARN_STRICT_PROTOTYPES = YES;
				CLANG_WARN_SUSPICIOUS_MOVE = YES;
				CLANG_WARN_UNGUARDED_AVAILABILITY = YES_AGGRESSIVE;
				CLANG_WARN_UNREACHABLE_CODE = YES;
				CLANG_WARN__DUPLICATE_METHOD_MATCH = YES;
				CODE_SIGN_IDENTITY = "iPhone Developer";
				COPY_PHASE_STRIP = NO;
				DEBUG_INFORMATION_FORMAT = dwarf;
				ENABLE_STRICT_OBJC_MSGSEND = YES;
				ENABLE_TESTABILITY = YES;
				GCC_C_LANGUAGE_STANDARD = gnu11;
				GCC_DYNAMIC_NO_PIC = NO;
				GCC_NO_COMMON_BLOCKS = YES;
				GCC_OPTIMIZATION_LEVEL = 0;
				GCC_PREPROCESSOR_DEFINITIONS = (
					"DEBUG=1",
					"$(inherited)",
				);
				GCC_WARN_64_TO_32_BIT_CONVERSION = YES;
				GCC_WARN_ABOUT_RETURN_TYPE = YES_ERROR;
				GCC_WARN_UNDECLARED_SELECTOR = YES;
				GCC_WARN_UNINITIALIZED_AUTOS = YES_AGGRESSIVE;
				GCC_WARN_UNUSED_FUNCTION = YES;
				GCC_WARN_UNUSED_VARIABLE = YES;
				IPHONEOS_DEPLOYMENT_TARGET = 12.4;
				MTL_ENABLE_DEBUG_INFO = INCLUDE_SOURCE;
				MTL_FAST_MATH = YES;
				ONLY_ACTIVE_ARCH = YES;
				SDKROOT = iphoneos;
			};
			name = Debug;
		};
		AD144A5723249FF100F045B9 /* Release */ = {
			isa = XCBuildConfiguration;
			buildSettings = {
				ALWAYS_SEARCH_USER_PATHS = NO;
				CLANG_ANALYZER_NONNULL = YES;
				CLANG_ANALYZER_NUMBER_OBJECT_CONVERSION = YES_AGGRESSIVE;
				CLANG_CXX_LANGUAGE_STANDARD = "gnu++14";
				CLANG_CXX_LIBRARY = "libc++";
				CLANG_ENABLE_MODULES = YES;
				CLANG_ENABLE_OBJC_ARC = YES;
				CLANG_ENABLE_OBJC_WEAK = YES;
				CLANG_WARN_BLOCK_CAPTURE_AUTORELEASING = YES;
				CLANG_WARN_BOOL_CONVERSION = YES;
				CLANG_WARN_COMMA = YES;
				CLANG_WARN_CONSTANT_CONVERSION = YES;
				CLANG_WARN_DEPRECATED_OBJC_IMPLEMENTATIONS = YES;
				CLANG_WARN_DIRECT_OBJC_ISA_USAGE = YES_ERROR;
				CLANG_WARN_DOCUMENTATION_COMMENTS = YES;
				CLANG_WARN_EMPTY_BODY = YES;
				CLANG_WARN_ENUM_CONVERSION = YES;
				CLANG_WARN_INFINITE_RECURSION = YES;
				CLANG_WARN_INT_CONVERSION = YES;
				CLANG_WARN_NON_LITERAL_NULL_CONVERSION = YES;
				CLANG_WARN_OBJC_IMPLICIT_RETAIN_SELF = YES;
				CLANG_WARN_OBJC_LITERAL_CONVERSION = YES;
				CLANG_WARN_OBJC_ROOT_CLASS = YES_ERROR;
				CLANG_WARN_RANGE_LOOP_ANALYSIS = YES;
				CLANG_WARN_STRICT_PROTOTYPES = YES;
				CLANG_WARN_SUSPICIOUS_MOVE = YES;
				CLANG_WARN_UNGUARDED_AVAILABILITY = YES_AGGRESSIVE;
				CLANG_WARN_UNREACHABLE_CODE = YES;
				CLANG_WARN__DUPLICATE_METHOD_MATCH = YES;
				CODE_SIGN_IDENTITY = "iPhone Developer";
				COPY_PHASE_STRIP = NO;
				DEBUG_INFORMATION_FORMAT = "dwarf-with-dsym";
				ENABLE_NS_ASSERTIONS = NO;
				ENABLE_STRICT_OBJC_MSGSEND = YES;
				GCC_C_LANGUAGE_STANDARD = gnu11;
				GCC_NO_COMMON_BLOCKS = YES;
				GCC_WARN_64_TO_32_BIT_CONVERSION = YES;
				GCC_WARN_ABOUT_RETURN_TYPE = YES_ERROR;
				GCC_WARN_UNDECLARED_SELECTOR = YES;
				GCC_WARN_UNINITIALIZED_AUTOS = YES_AGGRESSIVE;
				GCC_WARN_UNUSED_FUNCTION = YES;
				GCC_WARN_UNUSED_VARIABLE = YES;
				IPHONEOS_DEPLOYMENT_TARGET = 12.4;
				MTL_ENABLE_DEBUG_INFO = NO;
				MTL_FAST_MATH = YES;
				SDKROOT = iphoneos;
				VALIDATE_PRODUCT = YES;
			};
			name = Release;
		};
		AD144A5923249FF100F045B9 /* Debug */ = {
			isa = XCBuildConfiguration;
			buildSettings = {
				ASSETCATALOG_COMPILER_APPICON_NAME = AppIcon;
				CODE_SIGN_STYLE = Automatic;
				DEVELOPMENT_TEAM = 4JVDCH8EHZ;
				INFOPLIST_FILE = FSMushroomGuideAnimation/Info.plist;
				IPHONEOS_DEPLOYMENT_TARGET = 12.0;
				LD_RUNPATH_SEARCH_PATHS = (
					"$(inherited)",
					"@executable_path/Frameworks",
				);
				PRODUCT_BUNDLE_IDENTIFIER = wzf.FSMushroomGuideAnimation;
				PRODUCT_NAME = "$(TARGET_NAME)";
				TARGETED_DEVICE_FAMILY = "1,2";
			};
			name = Debug;
		};
		AD144A5A23249FF100F045B9 /* Release */ = {
			isa = XCBuildConfiguration;
			buildSettings = {
				ASSETCATALOG_COMPILER_APPICON_NAME = AppIcon;
				CODE_SIGN_STYLE = Automatic;
				DEVELOPMENT_TEAM = 4JVDCH8EHZ;
				INFOPLIST_FILE = FSMushroomGuideAnimation/Info.plist;
				IPHONEOS_DEPLOYMENT_TARGET = 12.0;
				LD_RUNPATH_SEARCH_PATHS = (
					"$(inherited)",
					"@executable_path/Frameworks",
				);
				PRODUCT_BUNDLE_IDENTIFIER = wzf.FSMushroomGuideAnimation;
				PRODUCT_NAME = "$(TARGET_NAME)";
				TARGETED_DEVICE_FAMILY = "1,2";
			};
			name = Release;
		};
/* End XCBuildConfiguration section */

/* Begin XCConfigurationList section */
		AD144A3D23249FF000F045B9 /* Build configuration list for PBXProject "FSMushroomGuideAnimation" */ = {
			isa = XCConfigurationList;
			buildConfigurations = (
				AD144A5623249FF100F045B9 /* Debug */,
				AD144A5723249FF100F045B9 /* Release */,
			);
			defaultConfigurationIsVisible = 0;
			defaultConfigurationName = Release;
		};
		AD144A5823249FF100F045B9 /* Build configuration list for PBXNativeTarget "FSMushroomGuideAnimation" */ = {
			isa = XCConfigurationList;
			buildConfigurations = (
				AD144A5923249FF100F045B9 /* Debug */,
				AD144A5A23249FF100F045B9 /* Release */,
			);
			defaultConfigurationIsVisible = 0;
			defaultConfigurationName = Release;
		};
/* End XCConfigurationList section */
	};
	rootObject = AD144A3A23249FF000F045B9 /* Project object */;
}
